
Microsoft Visual Studio Solution File, Format Version 12.00
# Visual Studio Version 17
VisualStudioVersion = 17.1.32228.430
MinimumVisualStudioVersion = 10.0.40219.1
Project("{9A19103F-16F7-4668-BE54-9A1E7A4F7556}") = "Lab_1", "Lab_1\Lab_1.csproj", "{478BC1CF-1627-4114-ABFE-93D654F7EE73}"
EndProject
Project("{9A19103F-16F7-4668-BE54-9A1E7A4F7556}") = "Lab_2", "Lab_2\Lab_2.csproj", "{8994CDB4-A690-45B2-A5A2-F7ACE4D8ACCA}"
EndProject
Project("{FAE04EC0-301F-11D3-BF4B-00C04F79EFBC}") = "Lab_3", "Lab_3\Lab_3.csproj", "{BF8E691F-19F1-47CD-BBFA-5069A314A9FE}"
EndProject
Global
	GlobalSection(SolutionConfigurationPlatforms) = preSolution
		Debug|Any CPU = Debug|Any CPU
		Release|Any CPU = Release|Any CPU
	EndGlobalSection
	GlobalSection(ProjectConfigurationPlatforms) = postSolution
		{478BC1CF-1627-4114-ABFE-93D654F7EE73}.Debug|Any CPU.ActiveCfg = Debug|Any CPU
		{478BC1CF-1627-4114-ABFE-93D654F7EE73}.Debug|Any CPU.Build.0 = Debug|Any CPU
		{478BC1CF-1627-4114-ABFE-93D654F7EE73}.Release|Any CPU.ActiveCfg = Release|Any CPU
		{478BC1CF-1627-4114-ABFE-93D654F7EE73}.Release|Any CPU.Build.0 = Release|Any CPU
		{8994CDB4-A690-45B2-A5A2-F7ACE4D8ACCA}.Debug|Any CPU.ActiveCfg = Debug|Any CPU
		{8994CDB4-A690-45B2-A5A2-F7ACE4D8ACCA}.Debug|Any CPU.Build.0 = Debug|Any CPU
		{8994CDB4-A690-45B2-A5A2-F7ACE4D8ACCA}.Release|Any CPU.ActiveCfg = Release|Any CPU
		{8994CDB4-A690-45B2-A5A2-F7ACE4D8ACCA}.Release|Any CPU.Build.0 = Release|Any CPU
		{BF8E691F-19F1-47CD-BBFA-5069A314A9FE}.Debug|Any CPU.ActiveCfg = Debug|Any CPU
		{BF8E691F-19F1-47CD-BBFA-5069A314A9FE}.Debug|Any CPU.Build.0 = Debug|Any CPU
		{BF8E691F-19F1-47CD-BBFA-5069A314A9FE}.Release|Any CPU.ActiveCfg = Release|Any CPU
		{BF8E691F-19F1-47CD-BBFA-5069A314A9FE}.Release|Any CPU.Build.0 = Release|Any CPU
	EndGlobalSection
	GlobalSection(SolutionProperties) = preSolution
		HideSolutionNode = FALSE
	EndGlobalSection
	GlobalSection(ExtensibilityGlobals) = postSolution
		SolutionGuid = {85E1DBFB-3D10-4E19-AD6B-08734D95C97F}
	EndGlobalSection
EndGlobal
